
Microsoft Visual Studio Solution File, Format Version 12.00
# Visual Studio Version 16
VisualStudioVersion = 16.0.29102.190
MinimumVisualStudioVersion = 10.0.40219.1
Project("{FAE04EC0-301F-11D3-BF4B-00C04F79EFBC}") = "MinhaSegundaClass", "MinhaSegundaClass\MinhaSegundaClass.csproj", "{3D6012ED-FD62-4540-A7F6-90B3AD20F256}"
EndProject
Project("{FAE04EC0-301F-11D3-BF4B-00C04F79EFBC}") = "CestaFruta2", "CestaFruta2\CestaFruta2.csproj", "{6E48BA5A-CDF0-4CE4-9BB8-73F0A41AFD9E}"
EndProject
Global
	GlobalSection(SolutionConfigurationPlatforms) = preSolution
		Debug|Any CPU = Debug|Any CPU
		Release|Any CPU = Release|Any CPU
	EndGlobalSection
	GlobalSection(ProjectConfigurationPlatforms) = postSolution
		{3D6012ED-FD62-4540-A7F6-90B3AD20F256}.Debug|Any CPU.ActiveCfg = Debug|Any CPU
		{3D6012ED-FD62-4540-A7F6-90B3AD20F256}.Debug|Any CPU.Build.0 = Debug|Any CPU
		{3D6012ED-FD62-4540-A7F6-90B3AD20F256}.Release|Any CPU.ActiveCfg = Release|Any CPU
		{3D6012ED-FD62-4540-A7F6-90B3AD20F256}.Release|Any CPU.Build.0 = Release|Any CPU
		{6E48BA5A-CDF0-4CE4-9BB8-73F0A41AFD9E}.Debug|Any CPU.ActiveCfg = Debug|Any CPU
		{6E48BA5A-CDF0-4CE4-9BB8-73F0A41AFD9E}.Debug|Any CPU.Build.0 = Debug|Any CPU
		{6E48BA5A-CDF0-4CE4-9BB8-73F0A41AFD9E}.Release|Any CPU.ActiveCfg = Release|Any CPU
		{6E48BA5A-CDF0-4CE4-9BB8-73F0A41AFD9E}.Release|Any CPU.Build.0 = Release|Any CPU
	EndGlobalSection
	GlobalSection(SolutionProperties) = preSolution
		HideSolutionNode = FALSE
	EndGlobalSection
	GlobalSection(ExtensibilityGlobals) = postSolution
		SolutionGuid = {9F827721-4D52-4007-8A50-89228196E765}
	EndGlobalSection
EndGlobal
