
Microsoft Visual Studio Solution File, Format Version 12.00
# Visual Studio Version 16
VisualStudioVersion = 16.0.29102.190
MinimumVisualStudioVersion = 10.0.40219.1
Project("{FAE04EC0-301F-11D3-BF4B-00C04F79EFBC}") = "AULAMARCELO1909", "AULAMARCELO1909\AULAMARCELO1909.csproj", "{1AA222F1-DF8C-477F-BFD8-3B816A1D8321}"
EndProject
Global
	GlobalSection(SolutionConfigurationPlatforms) = preSolution
		Debug|Any CPU = Debug|Any CPU
		Release|Any CPU = Release|Any CPU
	EndGlobalSection
	GlobalSection(ProjectConfigurationPlatforms) = postSolution
		{1AA222F1-DF8C-477F-BFD8-3B816A1D8321}.Debug|Any CPU.ActiveCfg = Debug|Any CPU
		{1AA222F1-DF8C-477F-BFD8-3B816A1D8321}.Debug|Any CPU.Build.0 = Debug|Any CPU
		{1AA222F1-DF8C-477F-BFD8-3B816A1D8321}.Release|Any CPU.ActiveCfg = Release|Any CPU
		{1AA222F1-DF8C-477F-BFD8-3B816A1D8321}.Release|Any CPU.Build.0 = Release|Any CPU
	EndGlobalSection
	GlobalSection(SolutionProperties) = preSolution
		HideSolutionNode = FALSE
	EndGlobalSection
	GlobalSection(ExtensibilityGlobals) = postSolution
		SolutionGuid = {914B0218-7B5D-470A-A131-4D951760AA57}
	EndGlobalSection
EndGlobal
